
Microsoft Visual Studio Solution File, Format Version 12.00
# Visual Studio Version 16
VisualStudioVersion = 16.0.30517.126
MinimumVisualStudioVersion = 10.0.40219.1
Project("{FAE04EC0-301F-11D3-BF4B-00C04F79EFBC}") = "Storage123", "Storage123\Storage123.csproj", "{695FA166-BCA9-4DDA-AB2D-81045245005F}"
EndProject
Global
	GlobalSection(SolutionConfigurationPlatforms) = preSolution
		Debug|Any CPU = Debug|Any CPU
		Release|Any CPU = Release|Any CPU
	EndGlobalSection
	GlobalSection(ProjectConfigurationPlatforms) = postSolution
		{695FA166-BCA9-4DDA-AB2D-81045245005F}.Debug|Any CPU.ActiveCfg = Debug|Any CPU
		{695FA166-BCA9-4DDA-AB2D-81045245005F}.Debug|Any CPU.Build.0 = Debug|Any CPU
		{695FA166-BCA9-4DDA-AB2D-81045245005F}.Release|Any CPU.ActiveCfg = Release|Any CPU
		{695FA166-BCA9-4DDA-AB2D-81045245005F}.Release|Any CPU.Build.0 = Release|Any CPU
	EndGlobalSection
	GlobalSection(SolutionProperties) = preSolution
		HideSolutionNode = FALSE
	EndGlobalSection
	GlobalSection(ExtensibilityGlobals) = postSolution
		SolutionGuid = {3FB9E9AF-7E28-4DD5-A51D-6D9920155C93}
	EndGlobalSection
EndGlobal
